
Microsoft Visual Studio Solution File, Format Version 12.00
# Visual Studio Version 16
VisualStudioVersion = 16.0.32901.82
MinimumVisualStudioVersion = 10.0.40219.1
Project("{8BC9CEB8-8B4A-11D0-8D11-00A0C91BC942}") = "tvchange", "tvchange.vcxproj", "{5A8F05D6-7C09-4DEF-8E71-F1BBA4CA30D2}"
EndProject
Project("{8BC9CEB8-8B4A-11D0-8D11-00A0C91BC942}") = "图书管理系统", "..\图书管理系统\图书管理系统.vcxproj", "{57CFEFA9-E0AA-45BD-959A-4E595345AF7B}"
EndProject
Global
	GlobalSection(SolutionConfigurationPlatforms) = preSolution
		Debug|x64 = Debug|x64
		Debug|x86 = Debug|x86
		Release|x64 = Release|x64
		Release|x86 = Release|x86
	EndGlobalSection
	GlobalSection(ProjectConfigurationPlatforms) = postSolution
		{5A8F05D6-7C09-4DEF-8E71-F1BBA4CA30D2}.Debug|x64.ActiveCfg = Debug|x64
		{5A8F05D6-7C09-4DEF-8E71-F1BBA4CA30D2}.Debug|x64.Build.0 = Debug|x64
		{5A8F05D6-7C09-4DEF-8E71-F1BBA4CA30D2}.Debug|x86.ActiveCfg = Debug|Win32
		{5A8F05D6-7C09-4DEF-8E71-F1BBA4CA30D2}.Debug|x86.Build.0 = Debug|Win32
		{5A8F05D6-7C09-4DEF-8E71-F1BBA4CA30D2}.Release|x64.ActiveCfg = Release|x64
		{5A8F05D6-7C09-4DEF-8E71-F1BBA4CA30D2}.Release|x64.Build.0 = Release|x64
		{5A8F05D6-7C09-4DEF-8E71-F1BBA4CA30D2}.Release|x86.ActiveCfg = Release|Win32
		{5A8F05D6-7C09-4DEF-8E71-F1BBA4CA30D2}.Release|x86.Build.0 = Release|Win32
		{57CFEFA9-E0AA-45BD-959A-4E595345AF7B}.Debug|x64.ActiveCfg = Debug|x64
		{57CFEFA9-E0AA-45BD-959A-4E595345AF7B}.Debug|x64.Build.0 = Debug|x64
		{57CFEFA9-E0AA-45BD-959A-4E595345AF7B}.Debug|x86.ActiveCfg = Debug|Win32
		{57CFEFA9-E0AA-45BD-959A-4E595345AF7B}.Debug|x86.Build.0 = Debug|Win32
		{57CFEFA9-E0AA-45BD-959A-4E595345AF7B}.Release|x64.ActiveCfg = Release|x64
		{57CFEFA9-E0AA-45BD-959A-4E595345AF7B}.Release|x64.Build.0 = Release|x64
		{57CFEFA9-E0AA-45BD-959A-4E595345AF7B}.Release|x86.ActiveCfg = Release|Win32
		{57CFEFA9-E0AA-45BD-959A-4E595345AF7B}.Release|x86.Build.0 = Release|Win32
	EndGlobalSection
	GlobalSection(SolutionProperties) = preSolution
		HideSolutionNode = FALSE
	EndGlobalSection
	GlobalSection(ExtensibilityGlobals) = postSolution
		SolutionGuid = {0D04ED56-09C6-4642-97D1-B8B1CCDAA30E}
	EndGlobalSection
EndGlobal
